
Microsoft Visual Studio Solution File, Format Version 12.00
# Visual Studio Version 17
VisualStudioVersion = 17.11.35327.3
MinimumVisualStudioVersion = 10.0.40219.1
Project("{FAE04EC0-301F-11D3-BF4B-00C04F79EFBC}") = "Subtract_Green", "Subtract_Green\Subtract_Green.csproj", "{E5D9F629-3C70-4634-9888-ECD6706057A5}"
EndProject
Global
	GlobalSection(SolutionConfigurationPlatforms) = preSolution
		Debug|Any CPU = Debug|Any CPU
		Release|Any CPU = Release|Any CPU
	EndGlobalSection
	GlobalSection(ProjectConfigurationPlatforms) = postSolution
		{E5D9F629-3C70-4634-9888-ECD6706057A5}.Debug|Any CPU.ActiveCfg = Debug|Any CPU
		{E5D9F629-3C70-4634-9888-ECD6706057A5}.Debug|Any CPU.Build.0 = Debug|Any CPU
		{E5D9F629-3C70-4634-9888-ECD6706057A5}.Release|Any CPU.ActiveCfg = Release|Any CPU
		{E5D9F629-3C70-4634-9888-ECD6706057A5}.Release|Any CPU.Build.0 = Release|Any CPU
	EndGlobalSection
	GlobalSection(SolutionProperties) = preSolution
		HideSolutionNode = FALSE
	EndGlobalSection
	GlobalSection(ExtensibilityGlobals) = postSolution
		SolutionGuid = {A6C158BB-2314-4E15-B9C9-98EA9E947894}
	EndGlobalSection
EndGlobal
